#MicroXplorer Configuration settings - do not modify
Mcu.Family=STM32F7
PD7.Mode=SD_4_bits_Wide_bus
ProjectManager.MainLocation=Core/Src
RCC.USART1Freq_Value=8000000
RCC.SAI1Freq_Value=96000000
Dma.SDMMC2_TX.2.Direction=DMA_MEMORY_TO_PERIPH
ProjectManager.KeepUserCode=true
Mcu.UserName=STM32F769NIHx
FATFS0.BSP.semaphore=
Dma.SDMMC2_RX.1.MemDataAlignment=DMA_MDATAALIGN_WORD
FATFS0.BSP.api=Unknown
ADC1.ContinuousConvMode=ENABLE
VP_FATFS_VS_SDIO.Mode=SDIO
RCC.PLLCLKFreq_Value=96000000
PI15.Locked=true
RCC.PLLQCLKFreq_Value=96000000
Dma.SDMMC2_TX.2.FIFOMode=DMA_FIFOMODE_ENABLE
ProjectManager.functionlistsort=1-MX_GPIO_Init-GPIO-false-HAL-true,2-MX_DMA_Init-DMA-false-HAL-true,3-SystemClock_Config-RCC-false-HAL-false,4-MX_USART1_UART_Init-USART1-false-HAL-true,5-MX_ADC1_Init-ADC1-false-HAL-true,6-MX_SDMMC2_SD_Init-SDMMC2-false-HAL-true,7-MX_FATFS_Init-FATFS-false-HAL-false,0-MX_CORTEX_M7_Init-CORTEX_M7-false-HAL-true
Dma.SDMMC2_TX.2.Priority=DMA_PRIORITY_LOW
PA0/WKUP.Signal=GPXTI0
RCC.PLLI2SRCLKFreq_Value=96000000
USART1.IPParameters=VirtualMode-Asynchronous
PinOutPanel.RotationAngle=0
Dma.SDMMC2_TX.2.PeriphDataAlignment=DMA_PDATAALIGN_WORD
Dma.SDMMC2_RX.1.RequestParameters=Instance,Direction,PeriphInc,MemInc,PeriphDataAlignment,MemDataAlignment,Mode,Priority,FIFOMode,FIFOThreshold,MemBurst,PeriphBurst
ProjectManager.StackSize=0x800
Dma.SDMMC2_TX.2.RequestParameters=Instance,Direction,PeriphInc,MemInc,PeriphDataAlignment,MemDataAlignment,Mode,Priority,FIFOMode,FIFOThreshold,MemBurst,PeriphBurst
Mcu.IP4=NVIC
Mcu.IP5=RCC
Mcu.IP2=DMA
NVIC.SVCall_IRQn=true\:0\:0\:false\:false\:true\:false\:false
Mcu.IP3=FATFS
Mcu.IP0=ADC1
Mcu.IP1=CORTEX_M7
Mcu.UserConstants=
VP_FATFS_VS_SDIO.Signal=FATFS_VS_SDIO
RCC.LCDTFTFreq_Value=48000000
RCC.SDMMCFreq_Value=16000000
Dma.SDMMC2_TX.2.PeriphBurst=DMA_PBURST_INC4
Mcu.ThirdPartyNb=0
PH0/OSC_IN.Mode=HSE-External-Oscillator
Mcu.IPNb=9
ProjectManager.PreviousToolchain=
RCC.APB2TimFreq_Value=16000000
Dma.ADC1.0.Direction=DMA_PERIPH_TO_MEMORY
RCC.SPDIFRXFreq_Value=96000000
PA0/WKUP.Locked=true
PH1/OSC_OUT.Signal=RCC_OSC_OUT
Mcu.Pin6=PD6
RCC.SAI2Freq_Value=96000000
Mcu.Pin7=PG10
NVIC.DMA2_Stream0_IRQn=true\:1\:0\:true\:false\:true\:false\:true
Mcu.Pin8=PG9
Mcu.Pin9=PA9
RCC.VCOSAIOutputFreq_Value=192000000
Dma.ADC1.0.MemDataAlignment=DMA_MDATAALIGN_HALFWORD
FATFS0.BSP.ip=GPIO
Mcu.Pin0=PB4
Mcu.Pin1=PB3
GPIO.groupedBy=Group By Peripherals
Mcu.Pin2=PD7
Mcu.Pin3=PA14
Mcu.Pin4=PA13
Mcu.Pin5=PB7
ADC1.Channel-0\#ChannelRegularConversion=ADC_CHANNEL_6
RCC.PLLSAIRCLKFreq_Value=96000000
ProjectManager.ProjectBuild=false
RCC.HSE_VALUE=25000000
NVIC.UsageFault_IRQn=true\:0\:0\:false\:false\:true\:false\:false
NVIC.DebugMonitor_IRQn=true\:0\:0\:false\:false\:true\:false\:false
PB3.Mode=SD_4_bits_Wide_bus
FATFS0.BSP.i2caddr=0
Dma.SDMMC2_RX.1.PeriphBurst=DMA_PBURST_INC4
NVIC.SysTick_IRQn=true\:0\:0\:false\:false\:true\:false\:true
Dma.SDMMC2_TX.2.MemBurst=DMA_MBURST_INC4
ProjectManager.FirmwarePackage=STM32Cube FW_F7 V1.16.1
MxDb.Version=DB.6.0.21
PB4.Mode=SD_4_bits_Wide_bus
ProjectManager.BackupPrevious=false
RCC.VCOInputFreq_Value=1000000
PA14.Mode=Serial_Wire
Dma.ADC1.0.PeriphInc=DMA_PINC_DISABLE
Dma.SDMMC2_TX.2.PeriphInc=DMA_PINC_DISABLE
File.Version=6
PB7.Signal=USART1_RX
Dma.SDMMC2_TX.2.MemInc=DMA_MINC_ENABLE
NVIC.PendSV_IRQn=true\:0\:0\:false\:false\:true\:false\:false
SH.ADCx_IN6.ConfNb=1
PH1/OSC_OUT.Mode=HSE-External-Oscillator
Dma.RequestsNb=3
ProjectManager.HalAssertFull=false
ADC1.SamplingTime-0\#ChannelRegularConversion=ADC_SAMPLETIME_480CYCLES
ProjectManager.ProjectName=Firmware-SDCard_ADC_UART
Mcu.Package=TFBGA216
PA6.Signal=ADCx_IN6
Dma.SDMMC2_TX.2.Instance=DMA2_Stream0
FATFS0.BSP.solution=PI15
ProjectManager.ToolChainLocation=
RCC.LSI_VALUE=32000
SH.GPXTI0.0=GPIO_EXTI0
VP_SYS_VS_Systick.Signal=SYS_VS_Systick
RCC.DSIFreq_Value=62500000
RCC.DFSDMFreq_Value=8000000
RCC.APB2CLKDivider=RCC_HCLK_DIV2
Dma.Request2=SDMMC2_TX
RCC.CECFreq_Value=32786.88524590164
Dma.Request1=SDMMC2_RX
NVIC.BusFault_IRQn=true\:0\:0\:false\:false\:true\:false\:false
Dma.ADC1.0.FIFOMode=DMA_FIFOMODE_DISABLE
PD6.Signal=SDMMC2_CK
Dma.Request0=ADC1
Dma.SDMMC2_RX.1.Mode=DMA_PFCTRL
ProjectManager.CustomerFirmwarePackage=
RCC.PLLSAIQCLKFreq_Value=96000000
PB4.Signal=SDMMC2_D3
FATFS0.BSP.STBoard=false
RCC.I2SFreq_Value=96000000
PA0/WKUP.GPIOParameters=GPIO_PuPd
ProjectManager.ProjectFileName=Firmware-SDCard_ADC_UART.ioc
Dma.ADC1.0.Instance=DMA2_Stream4
ADC1.Rank-0\#ChannelRegularConversion=1
Mcu.PinsNb=17
ProjectManager.NoMain=false
SH.ADCx_IN6.0=ADC1_IN6,IN6
ADC1.IPParameters=Rank-0\#ChannelRegularConversion,Channel-0\#ChannelRegularConversion,SamplingTime-0\#ChannelRegularConversion,NbrOfConversionFlag,master,ClockPrescaler,ContinuousConvMode,DMAContinuousRequests
PG9.Signal=SDMMC2_D0
Dma.SDMMC2_RX.1.MemInc=DMA_MINC_ENABLE
FATFS0.BSP.mode=Input
PG9.Mode=SD_4_bits_Wide_bus
PG10.Mode=SD_4_bits_Wide_bus
PD7.Signal=SDMMC2_CMD
SH.GPXTI0.ConfNb=1
ProjectManager.DefaultFWLocation=true
ProjectManager.DeletePrevious=true
Dma.SDMMC2_RX.1.FIFOMode=DMA_FIFOMODE_ENABLE
PD6.Mode=SD_4_bits_Wide_bus
Dma.SDMMC2_RX.1.Priority=DMA_PRIORITY_LOW
PinOutPanel.CurrentBGAView=Top
RCC.FamilyName=M
PG10.Signal=SDMMC2_D1
FATFS0.BSP.instance=PI15
RCC.DSITXEscFreq_Value=15625000
FATFS.IPParameters=USE_DMA_CODE_SD
USART1.VirtualMode-Asynchronous=VM_ASYNC
PA13.Signal=SYS_JTMS-SWDIO
Dma.ADC1.0.PeriphDataAlignment=DMA_PDATAALIGN_HALFWORD
PA9.Mode=Asynchronous
Dma.SDMMC2_RX.1.PeriphDataAlignment=DMA_PDATAALIGN_WORD
ProjectManager.TargetToolchain=STM32CubeIDE
RCC.USART6Freq_Value=8000000
FATFS0.BSP.condition=
Dma.ADC1.0.Mode=DMA_CIRCULAR
RCC.PLLDSIVCOFreq_Value=1000000000
Dma.SDMMC2_TX.2.FIFOThreshold=DMA_FIFO_THRESHOLD_FULL
Dma.ADC1.0.Priority=DMA_PRIORITY_LOW
PA9.Signal=USART1_TX
ProjectManager.RegisterCallBack=
RCC.USBFreq_Value=96000000
Dma.SDMMC2_RX.1.Direction=DMA_PERIPH_TO_MEMORY
RCC.PLLSAIoutputFreq_Value=96000000
RCC.LSE_VALUE=32768
RCC.VCOI2SOutputFreq_Value=192000000
FATFS.BSP.number=1
Dma.SDMMC2_RX.1.PeriphInc=DMA_PINC_DISABLE
RCC.PLLSAIPCLKFreq_Value=96000000
board=custom
RCC.VCOOutputFreq_Value=192000000
ProjectManager.LastFirmware=true
Dma.ADC1.0.RequestParameters=Instance,Direction,PeriphInc,MemInc,PeriphDataAlignment,MemDataAlignment,Mode,Priority,FIFOMode
FATFS.USE_DMA_CODE_SD=1
PH0/OSC_IN.Signal=RCC_OSC_IN
RCC.APB2Freq_Value=8000000
MxCube.Version=6.2.1
RCC.PLLI2SPCLKFreq_Value=96000000
FATFS0.BSP.i2creg=
RCC.RNGFreq_Value=96000000
NVIC.DMA2_Stream5_IRQn=true\:1\:0\:true\:false\:true\:false\:true
VP_SYS_VS_Systick.Mode=SysTick
PA9.Locked=true
NVIC.NonMaskableInt_IRQn=true\:0\:0\:false\:false\:true\:false\:false
ADC1.DMAContinuousRequests=ENABLE
PA0/WKUP.GPIO_PuPd=GPIO_PULLDOWN
PA13.Mode=Serial_Wire
ProjectManager.FreePins=false
RCC.IPParameters=APB2CLKDivider,APB2Freq_Value,APB2TimFreq_Value,CECFreq_Value,DFSDMFreq_Value,DSIFreq_Value,DSITXEscFreq_Value,FamilyName,HSE_VALUE,HSI_VALUE,I2SFreq_Value,LCDTFTFreq_Value,LSE_VALUE,LSI_VALUE,PLLCLKFreq_Value,PLLDSIVCOFreq_Value,PLLI2SPCLKFreq_Value,PLLI2SQCLKFreq_Value,PLLI2SRCLKFreq_Value,PLLQCLKFreq_Value,PLLSAIPCLKFreq_Value,PLLSAIQCLKFreq_Value,PLLSAIRCLKFreq_Value,PLLSAIoutputFreq_Value,RNGFreq_Value,SAI1Freq_Value,SAI2Freq_Value,SDMMC2Freq_Value,SDMMCFreq_Value,SPDIFRXFreq_Value,USART1Freq_Value,USART6Freq_Value,USBFreq_Value,VCOI2SOutputFreq_Value,VCOInputFreq_Value,VCOOutputFreq_Value,VCOSAIOutputFreq_Value
ProjectManager.AskForMigrate=true
Mcu.Name=STM32F769NIHx
RCC.PLLI2SQCLKFreq_Value=96000000
NVIC.DMA2_Stream4_IRQn=true\:4\:0\:true\:false\:true\:false\:true
ProjectManager.UnderRoot=true
Dma.SDMMC2_RX.1.Instance=DMA2_Stream5
Mcu.IP8=USART1
Mcu.IP6=SDMMC2
Mcu.IP7=SYS
ProjectManager.CoupleFile=false
PB3.Signal=SDMMC2_D2
NVIC.EXTI0_IRQn=true\:2\:0\:true\:false\:true\:true\:true
NVIC.SDMMC2_IRQn=true\:1\:0\:true\:false\:true\:true\:true
ADC1.master=1
NVIC.ForceEnableDMAVector=true
KeepUserPlacement=false
NVIC.MemoryManagement_IRQn=true\:0\:0\:false\:false\:true\:false\:false
ProjectManager.CompilerOptimize=6
PB7.Mode=Asynchronous
PA14.Signal=SYS_JTCK-SWCLK
Dma.ADC1.0.MemInc=DMA_MINC_ENABLE
ProjectManager.HeapSize=0x400
Mcu.Pin15=VP_FATFS_VS_SDIO
NVIC.HardFault_IRQn=true\:0\:0\:false\:false\:true\:false\:false
Mcu.Pin16=VP_SYS_VS_Systick
Mcu.Pin13=PA0/WKUP
Mcu.Pin14=PA6
ProjectManager.ComputerToolchain=false
RCC.HSI_VALUE=16000000
Dma.SDMMC2_RX.1.MemBurst=DMA_MBURST_INC4
NVIC.PriorityGroup=NVIC_PRIORITYGROUP_4
ADC1.NbrOfConversionFlag=1
Mcu.Pin11=PI15
Mcu.Pin12=PH1/OSC_OUT
FATFS0.BSP.component=
Mcu.Pin10=PH0/OSC_IN
Dma.SDMMC2_RX.1.FIFOThreshold=DMA_FIFO_THRESHOLD_FULL
PI15.Signal=GPIO_Input
Dma.SDMMC2_TX.2.Mode=DMA_PFCTRL
RCC.SDMMC2Freq_Value=16000000
ADC1.ClockPrescaler=ADC_CLOCK_SYNC_PCLK_DIV8
ProjectManager.DeviceId=STM32F769NIHx
FATFS0.BSP.name=Detect_SDIO
ProjectManager.LibraryCopy=1
Dma.SDMMC2_TX.2.MemDataAlignment=DMA_MDATAALIGN_WORD
PA6.Locked=true
isbadioc=false
